
Microsoft Visual Studio Solution File, Format Version 12.00
# Visual Studio 15
VisualStudioVersion = 15.0.28307.106
MinimumVisualStudioVersion = 10.0.40219.1
Project("{FAE04EC0-301F-11D3-BF4B-00C04F79EFBC}") = "IntBank.Reportes", "IntBank.Reportes\IntBank.Reportes.csproj", "{6B3A6C5C-522E-4F67-A091-D4ABF68854A5}"
EndProject
Project("{FAE04EC0-301F-11D3-BF4B-00C04F79EFBC}") = "IntBank.Reportes.DataLayer", "IntBank.Reportes.DataLayer\IntBank.Reportes.DataLayer.csproj", "{9F7427A1-61CB-4876-9390-973FDEE61B96}"
EndProject
Project("{FAE04EC0-301F-11D3-BF4B-00C04F79EFBC}") = "IntBank.Reportes.DataInterface", "IntBank.Reportes.DataInterface\IntBank.Reportes.DataInterface.csproj", "{F5DEDD8E-7E9C-44DE-9176-185732B4BF56}"
EndProject
Project("{FAE04EC0-301F-11D3-BF4B-00C04F79EFBC}") = "IntBank.Reportes.BusinessTypes", "IntBank.Reportes.BusinessTypes\IntBank.Reportes.BusinessTypes.csproj", "{81A44184-598E-4169-AC08-5E67482B5F95}"
EndProject
Project("{FAE04EC0-301F-11D3-BF4B-00C04F79EFBC}") = "IntBank.Reportes.BusinessLayer", "IntBank.Reportes.BusinessLayer\IntBank.Reportes.BusinessLayer.csproj", "{5111D30E-1CF0-4ACE-868A-9A1BE931B6C3}"
EndProject
Project("{FAE04EC0-301F-11D3-BF4B-00C04F79EFBC}") = "IntBank.Reportes.BusinessInterface", "IntBank.Reportes.BusinessInterface\IntBank.Reportes.BusinessInterface.csproj", "{82B50054-1D31-412B-819B-234642A37250}"
EndProject
Project("{FAE04EC0-301F-11D3-BF4B-00C04F79EFBC}") = "IntBank.Reportes.OperationManagement", "IntBank.Reportes.OperationManagement\IntBank.Reportes.OperationManagement.csproj", "{5C095F53-BC5A-4C29-9991-5287EB1D0490}"
EndProject
Project("{FAE04EC0-301F-11D3-BF4B-00C04F79EFBC}") = "IntBank.Reportes.UT", "IntBank.Reportes.UT\IntBank.Reportes.UT.csproj", "{AF6A3465-1CBB-413B-80F6-955A774415C0}"
EndProject
Global
	GlobalSection(SolutionConfigurationPlatforms) = preSolution
		Debug|Any CPU = Debug|Any CPU
		Release|Any CPU = Release|Any CPU
	EndGlobalSection
	GlobalSection(ProjectConfigurationPlatforms) = postSolution
		{6B3A6C5C-522E-4F67-A091-D4ABF68854A5}.Debug|Any CPU.ActiveCfg = Debug|Any CPU
		{6B3A6C5C-522E-4F67-A091-D4ABF68854A5}.Debug|Any CPU.Build.0 = Debug|Any CPU
		{6B3A6C5C-522E-4F67-A091-D4ABF68854A5}.Release|Any CPU.ActiveCfg = Release|Any CPU
		{6B3A6C5C-522E-4F67-A091-D4ABF68854A5}.Release|Any CPU.Build.0 = Release|Any CPU
		{9F7427A1-61CB-4876-9390-973FDEE61B96}.Debug|Any CPU.ActiveCfg = Debug|Any CPU
		{9F7427A1-61CB-4876-9390-973FDEE61B96}.Debug|Any CPU.Build.0 = Debug|Any CPU
		{9F7427A1-61CB-4876-9390-973FDEE61B96}.Release|Any CPU.ActiveCfg = Release|Any CPU
		{9F7427A1-61CB-4876-9390-973FDEE61B96}.Release|Any CPU.Build.0 = Release|Any CPU
		{F5DEDD8E-7E9C-44DE-9176-185732B4BF56}.Debug|Any CPU.ActiveCfg = Debug|Any CPU
		{F5DEDD8E-7E9C-44DE-9176-185732B4BF56}.Debug|Any CPU.Build.0 = Debug|Any CPU
		{F5DEDD8E-7E9C-44DE-9176-185732B4BF56}.Release|Any CPU.ActiveCfg = Release|Any CPU
		{F5DEDD8E-7E9C-44DE-9176-185732B4BF56}.Release|Any CPU.Build.0 = Release|Any CPU
		{81A44184-598E-4169-AC08-5E67482B5F95}.Debug|Any CPU.ActiveCfg = Debug|Any CPU
		{81A44184-598E-4169-AC08-5E67482B5F95}.Debug|Any CPU.Build.0 = Debug|Any CPU
		{81A44184-598E-4169-AC08-5E67482B5F95}.Release|Any CPU.ActiveCfg = Release|Any CPU
		{81A44184-598E-4169-AC08-5E67482B5F95}.Release|Any CPU.Build.0 = Release|Any CPU
		{5111D30E-1CF0-4ACE-868A-9A1BE931B6C3}.Debug|Any CPU.ActiveCfg = Debug|Any CPU
		{5111D30E-1CF0-4ACE-868A-9A1BE931B6C3}.Debug|Any CPU.Build.0 = Debug|Any CPU
		{5111D30E-1CF0-4ACE-868A-9A1BE931B6C3}.Release|Any CPU.ActiveCfg = Release|Any CPU
		{5111D30E-1CF0-4ACE-868A-9A1BE931B6C3}.Release|Any CPU.Build.0 = Release|Any CPU
		{82B50054-1D31-412B-819B-234642A37250}.Debug|Any CPU.ActiveCfg = Debug|Any CPU
		{82B50054-1D31-412B-819B-234642A37250}.Debug|Any CPU.Build.0 = Debug|Any CPU
		{82B50054-1D31-412B-819B-234642A37250}.Release|Any CPU.ActiveCfg = Release|Any CPU
		{82B50054-1D31-412B-819B-234642A37250}.Release|Any CPU.Build.0 = Release|Any CPU
		{5C095F53-BC5A-4C29-9991-5287EB1D0490}.Debug|Any CPU.ActiveCfg = Debug|Any CPU
		{5C095F53-BC5A-4C29-9991-5287EB1D0490}.Debug|Any CPU.Build.0 = Debug|Any CPU
		{5C095F53-BC5A-4C29-9991-5287EB1D0490}.Release|Any CPU.ActiveCfg = Release|Any CPU
		{5C095F53-BC5A-4C29-9991-5287EB1D0490}.Release|Any CPU.Build.0 = Release|Any CPU
		{AF6A3465-1CBB-413B-80F6-955A774415C0}.Debug|Any CPU.ActiveCfg = Debug|Any CPU
		{AF6A3465-1CBB-413B-80F6-955A774415C0}.Debug|Any CPU.Build.0 = Debug|Any CPU
		{AF6A3465-1CBB-413B-80F6-955A774415C0}.Release|Any CPU.ActiveCfg = Release|Any CPU
		{AF6A3465-1CBB-413B-80F6-955A774415C0}.Release|Any CPU.Build.0 = Release|Any CPU
	EndGlobalSection
	GlobalSection(SolutionProperties) = preSolution
		HideSolutionNode = FALSE
	EndGlobalSection
	GlobalSection(ExtensibilityGlobals) = postSolution
		SolutionGuid = {EED96C8F-DA42-42A7-A139-4718F40A4C52}
	EndGlobalSection
EndGlobal
