
Microsoft Visual Studio Solution File, Format Version 12.00
# Visual Studio 15
VisualStudioVersion = 15.0.28307.106
MinimumVisualStudioVersion = 10.0.40219.1
Project("{FAE04EC0-301F-11D3-BF4B-00C04F79EFBC}") = "IntBank.CuadernilloMvc", "IntBank.CuadernilloMvc\IntBank.CuadernilloMvc.csproj", "{6B3A6C5C-522E-4F67-A091-D4ABF68854A5}"
EndProject
Global
	GlobalSection(SolutionConfigurationPlatforms) = preSolution
		Debug|Any CPU = Debug|Any CPU
		Release|Any CPU = Release|Any CPU
	EndGlobalSection
	GlobalSection(ProjectConfigurationPlatforms) = postSolution
		{6B3A6C5C-522E-4F67-A091-D4ABF68854A5}.Debug|Any CPU.ActiveCfg = Debug|Any CPU
		{6B3A6C5C-522E-4F67-A091-D4ABF68854A5}.Debug|Any CPU.Build.0 = Debug|Any CPU
		{6B3A6C5C-522E-4F67-A091-D4ABF68854A5}.Release|Any CPU.ActiveCfg = Release|Any CPU
		{6B3A6C5C-522E-4F67-A091-D4ABF68854A5}.Release|Any CPU.Build.0 = Release|Any CPU
	EndGlobalSection
	GlobalSection(SolutionProperties) = preSolution
		HideSolutionNode = FALSE
	EndGlobalSection
	GlobalSection(ExtensibilityGlobals) = postSolution
		SolutionGuid = {EED96C8F-DA42-42A7-A139-4718F40A4C52}
	EndGlobalSection
EndGlobal
